// !$*UTF8*$!
{
	archiveVersion = 1;
	classes = {
	};
	objectVersion = 55;
	objects = {

/* Begin PBXBuildFile section */
		3D07ECE328C589AF001D46A2 /* AppDelegate.swift in Sources */ = {isa = PBXBuildFile; fileRef = 3D07ECE228C589AF001D46A2 /* AppDelegate.swift */; };
		3D07ECE528C589AF001D46A2 /* ViewController.swift in Sources */ = {isa = PBXBuildFile; fileRef = 3D07ECE428C589AF001D46A2 /* ViewController.swift */; };
		3D07ECE728C589B1001D46A2 /* Assets.xcassets in Resources */ = {isa = PBXBuildFile; fileRef = 3D07ECE628C589B1001D46A2 /* Assets.xcassets */; };
		3D07ECEA28C589B1001D46A2 /* Main.storyboard in Resources */ = {isa = PBXBuildFile; fileRef = 3D07ECE828C589B1001D46A2 /* Main.storyboard */; };
		3D07ECF828C58A3E001D46A2 /* Cocoa.framework in Frameworks */ = {isa = PBXBuildFile; fileRef = 3D07ECF728C58A3E001D46A2 /* Cocoa.framework */; };
		3D07ECFD28C58A3E001D46A2 /* SourceEditorExtension.swift in Sources */ = {isa = PBXBuildFile; fileRef = 3D07ECFC28C58A3E001D46A2 /* SourceEditorExtension.swift */; };
		3D07ECFF28C58A3E001D46A2 /* SourceEditorCommand.swift in Sources */ = {isa = PBXBuildFile; fileRef = 3D07ECFE28C58A3E001D46A2 /* SourceEditorCommand.swift */; };
		3D07ED0428C58A3E001D46A2 /* KYCodablePlugin.appex in Embed App Extensions */ = {isa = PBXBuildFile; fileRef = 3D07ECF528C58A3E001D46A2 /* KYCodablePlugin.appex */; settings = {ATTRIBUTES = (RemoveHeadersOnCopy, ); }; };
		3D07EDFF28C599E3001D46A2 /* KYSIG.swift in Sources */ = {isa = PBXBuildFile; fileRef = 3D07EDFE28C599E3001D46A2 /* KYSIG.swift */; };
		3D884F7C28C5A66D00177ADA /* XcodeKit.framework in Frameworks */ = {isa = PBXBuildFile; fileRef = 3D07ECF928C58A3E001D46A2 /* XcodeKit.framework */; };
		3D884F7D28C5A66D00177ADA /* XcodeKit.framework in Embed Frameworks */ = {isa = PBXBuildFile; fileRef = 3D07ECF928C58A3E001D46A2 /* XcodeKit.framework */; settings = {ATTRIBUTES = (CodeSignOnCopy, RemoveHeadersOnCopy, ); }; };
/* End PBXBuildFile section */

/* Begin PBXContainerItemProxy section */
		3D07ED0228C58A3E001D46A2 /* PBXContainerItemProxy */ = {
			isa = PBXContainerItemProxy;
			containerPortal = 3D07ECD728C589AF001D46A2 /* Project object */;
			proxyType = 1;
			remoteGlobalIDString = 3D07ECF428C58A3E001D46A2;
			remoteInfo = KYCodablePlugin;
		};
/* End PBXContainerItemProxy section */

/* Begin PBXCopyFilesBuildPhase section */
		3D07ED0828C58A3E001D46A2 /* Embed App Extensions */ = {
			isa = PBXCopyFilesBuildPhase;
			buildActionMask = 2147483647;
			dstPath = "";
			dstSubfolderSpec = 13;
			files = (
				3D07ED0428C58A3E001D46A2 /* KYCodablePlugin.appex in Embed App Extensions */,
			);
			name = "Embed App Extensions";
			runOnlyForDeploymentPostprocessing = 0;
		};
		3D884F7E28C5A66E00177ADA /* Embed Frameworks */ = {
			isa = PBXCopyFilesBuildPhase;
			buildActionMask = 2147483647;
			dstPath = "";
			dstSubfolderSpec = 10;
			files = (
				3D884F7D28C5A66D00177ADA /* XcodeKit.framework in Embed Frameworks */,
			);
			name = "Embed Frameworks";
			runOnlyForDeploymentPostprocessing = 0;
		};
/* End PBXCopyFilesBuildPhase section */

/* Begin PBXFileReference section */
		3D07ECDF28C589AF001D46A2 /* KYCodable.app */ = {isa = PBXFileReference; explicitFileType = wrapper.application; includeInIndex = 0; path = KYCodable.app; sourceTree = BUILT_PRODUCTS_DIR; };
		3D07ECE228C589AF001D46A2 /* AppDelegate.swift */ = {isa = PBXFileReference; lastKnownFileType = sourcecode.swift; path = AppDelegate.swift; sourceTree = "<group>"; };
		3D07ECE428C589AF001D46A2 /* ViewController.swift */ = {isa = PBXFileReference; lastKnownFileType = sourcecode.swift; path = ViewController.swift; sourceTree = "<group>"; };
		3D07ECE628C589B1001D46A2 /* Assets.xcassets */ = {isa = PBXFileReference; lastKnownFileType = folder.assetcatalog; path = Assets.xcassets; sourceTree = "<group>"; };
		3D07ECE928C589B1001D46A2 /* Base */ = {isa = PBXFileReference; lastKnownFileType = file.storyboard; name = Base; path = Base.lproj/Main.storyboard; sourceTree = "<group>"; };
		3D07ECEB28C589B1001D46A2 /* KYCodable.entitlements */ = {isa = PBXFileReference; lastKnownFileType = text.plist.entitlements; path = KYCodable.entitlements; sourceTree = "<group>"; };
		3D07ECF528C58A3E001D46A2 /* KYCodablePlugin.appex */ = {isa = PBXFileReference; explicitFileType = "wrapper.app-extension"; includeInIndex = 0; path = KYCodablePlugin.appex; sourceTree = BUILT_PRODUCTS_DIR; };
		3D07ECF728C58A3E001D46A2 /* Cocoa.framework */ = {isa = PBXFileReference; lastKnownFileType = wrapper.framework; name = Cocoa.framework; path = System/Library/Frameworks/Cocoa.framework; sourceTree = SDKROOT; };
		3D07ECF928C58A3E001D46A2 /* XcodeKit.framework */ = {isa = PBXFileReference; lastKnownFileType = wrapper.framework; name = XcodeKit.framework; path = Library/Frameworks/XcodeKit.framework; sourceTree = DEVELOPER_DIR; };
		3D07ECFC28C58A3E001D46A2 /* SourceEditorExtension.swift */ = {isa = PBXFileReference; lastKnownFileType = sourcecode.swift; path = SourceEditorExtension.swift; sourceTree = "<group>"; };
		3D07ECFE28C58A3E001D46A2 /* SourceEditorCommand.swift */ = {isa = PBXFileReference; lastKnownFileType = sourcecode.swift; path = SourceEditorCommand.swift; sourceTree = "<group>"; };
		3D07ED0028C58A3E001D46A2 /* Info.plist */ = {isa = PBXFileReference; lastKnownFileType = text.plist.xml; path = Info.plist; sourceTree = "<group>"; };
		3D07ED0128C58A3E001D46A2 /* KYCodablePlugin.entitlements */ = {isa = PBXFileReference; lastKnownFileType = text.plist.entitlements; path = KYCodablePlugin.entitlements; sourceTree = "<group>"; };
		3D07EDFE28C599E3001D46A2 /* KYSIG.swift */ = {isa = PBXFileReference; lastKnownFileType = sourcecode.swift; path = KYSIG.swift; sourceTree = "<group>"; };
/* End PBXFileReference section */

/* Begin PBXFrameworksBuildPhase section */
		3D07ECDC28C589AF001D46A2 /* Frameworks */ = {
			isa = PBXFrameworksBuildPhase;
			buildActionMask = 2147483647;
			files = (
			);
			runOnlyForDeploymentPostprocessing = 0;
		};
		3D07ECF228C58A3E001D46A2 /* Frameworks */ = {
			isa = PBXFrameworksBuildPhase;
			buildActionMask = 2147483647;
			files = (
				3D07ECF828C58A3E001D46A2 /* Cocoa.framework in Frameworks */,
				3D884F7C28C5A66D00177ADA /* XcodeKit.framework in Frameworks */,
			);
			runOnlyForDeploymentPostprocessing = 0;
		};
/* End PBXFrameworksBuildPhase section */

/* Begin PBXGroup section */
		3D07ECD628C589AF001D46A2 = {
			isa = PBXGroup;
			children = (
				3D07ECE128C589AF001D46A2 /* KYCodable */,
				3D07ECFB28C58A3E001D46A2 /* KYCodablePlugin */,
				3D07ECF628C58A3E001D46A2 /* Frameworks */,
				3D07ECE028C589AF001D46A2 /* Products */,
			);
			sourceTree = "<group>";
		};
		3D07ECE028C589AF001D46A2 /* Products */ = {
			isa = PBXGroup;
			children = (
				3D07ECDF28C589AF001D46A2 /* KYCodable.app */,
				3D07ECF528C58A3E001D46A2 /* KYCodablePlugin.appex */,
			);
			name = Products;
			sourceTree = "<group>";
		};
		3D07ECE128C589AF001D46A2 /* KYCodable */ = {
			isa = PBXGroup;
			children = (
				3D07ECE228C589AF001D46A2 /* AppDelegate.swift */,
				3D07ECE428C589AF001D46A2 /* ViewController.swift */,
				3D07ECE628C589B1001D46A2 /* Assets.xcassets */,
				3D07ECE828C589B1001D46A2 /* Main.storyboard */,
				3D07ECEB28C589B1001D46A2 /* KYCodable.entitlements */,
			);
			path = KYCodable;
			sourceTree = "<group>";
		};
		3D07ECF628C58A3E001D46A2 /* Frameworks */ = {
			isa = PBXGroup;
			children = (
				3D07ECF728C58A3E001D46A2 /* Cocoa.framework */,
				3D07ECF928C58A3E001D46A2 /* XcodeKit.framework */,
			);
			name = Frameworks;
			sourceTree = "<group>";
		};
		3D07ECFB28C58A3E001D46A2 /* KYCodablePlugin */ = {
			isa = PBXGroup;
			children = (
				3D07ECFC28C58A3E001D46A2 /* SourceEditorExtension.swift */,
				3D07ECFE28C58A3E001D46A2 /* SourceEditorCommand.swift */,
				3D07EDFE28C599E3001D46A2 /* KYSIG.swift */,
				3D07ED0028C58A3E001D46A2 /* Info.plist */,
				3D07ED0128C58A3E001D46A2 /* KYCodablePlugin.entitlements */,
			);
			path = KYCodablePlugin;
			sourceTree = "<group>";
		};
/* End PBXGroup section */

/* Begin PBXNativeTarget section */
		3D07ECDE28C589AF001D46A2 /* KYCodable */ = {
			isa = PBXNativeTarget;
			buildConfigurationList = 3D07ECEE28C589B1001D46A2 /* Build configuration list for PBXNativeTarget "KYCodable" */;
			buildPhases = (
				3D07ECDB28C589AF001D46A2 /* Sources */,
				3D07ECDC28C589AF001D46A2 /* Frameworks */,
				3D07ECDD28C589AF001D46A2 /* Resources */,
				3D07ED0828C58A3E001D46A2 /* Embed App Extensions */,
			);
			buildRules = (
			);
			dependencies = (
				3D07ED0328C58A3E001D46A2 /* PBXTargetDependency */,
			);
			name = KYCodable;
			productName = KYCodable;
			productReference = 3D07ECDF28C589AF001D46A2 /* KYCodable.app */;
			productType = "com.apple.product-type.application";
		};
		3D07ECF428C58A3E001D46A2 /* KYCodablePlugin */ = {
			isa = PBXNativeTarget;
			buildConfigurationList = 3D07ED0528C58A3E001D46A2 /* Build configuration list for PBXNativeTarget "KYCodablePlugin" */;
			buildPhases = (
				3D07ECF128C58A3E001D46A2 /* Sources */,
				3D07ECF228C58A3E001D46A2 /* Frameworks */,
				3D07ECF328C58A3E001D46A2 /* Resources */,
				3D884F7E28C5A66E00177ADA /* Embed Frameworks */,
			);
			buildRules = (
			);
			dependencies = (
			);
			name = KYCodablePlugin;
			productName = KYCodablePlugin;
			productReference = 3D07ECF528C58A3E001D46A2 /* KYCodablePlugin.appex */;
			productType = "com.apple.product-type.xcode-extension";
		};
/* End PBXNativeTarget section */

/* Begin PBXProject section */
		3D07ECD728C589AF001D46A2 /* Project object */ = {
			isa = PBXProject;
			attributes = {
				BuildIndependentTargetsInParallel = 1;
				LastSwiftUpdateCheck = 1340;
				LastUpgradeCheck = 1340;
				TargetAttributes = {
					3D07ECDE28C589AF001D46A2 = {
						CreatedOnToolsVersion = 13.4.1;
					};
					3D07ECF428C58A3E001D46A2 = {
						CreatedOnToolsVersion = 13.4.1;
					};
				};
			};
			buildConfigurationList = 3D07ECDA28C589AF001D46A2 /* Build configuration list for PBXProject "KYCodable" */;
			compatibilityVersion = "Xcode 13.0";
			developmentRegion = en;
			hasScannedForEncodings = 0;
			knownRegions = (
				en,
				Base,
			);
			mainGroup = 3D07ECD628C589AF001D46A2;
			productRefGroup = 3D07ECE028C589AF001D46A2 /* Products */;
			projectDirPath = "";
			projectRoot = "";
			targets = (
				3D07ECDE28C589AF001D46A2 /* KYCodable */,
				3D07ECF428C58A3E001D46A2 /* KYCodablePlugin */,
			);
		};
/* End PBXProject section */

/* Begin PBXResourcesBuildPhase section */
		3D07ECDD28C589AF001D46A2 /* Resources */ = {
			isa = PBXResourcesBuildPhase;
			buildActionMask = 2147483647;
			files = (
				3D07ECE728C589B1001D46A2 /* Assets.xcassets in Resources */,
				3D07ECEA28C589B1001D46A2 /* Main.storyboard in Resources */,
			);
			runOnlyForDeploymentPostprocessing = 0;
		};
		3D07ECF328C58A3E001D46A2 /* Resources */ = {
			isa = PBXResourcesBuildPhase;
			buildActionMask = 2147483647;
			files = (
			);
			runOnlyForDeploymentPostprocessing = 0;
		};
/* End PBXResourcesBuildPhase section */

/* Begin PBXSourcesBuildPhase section */
		3D07ECDB28C589AF001D46A2 /* Sources */ = {
			isa = PBXSourcesBuildPhase;
			buildActionMask = 2147483647;
			files = (
				3D07ECE528C589AF001D46A2 /* ViewController.swift in Sources */,
				3D07ECE328C589AF001D46A2 /* AppDelegate.swift in Sources */,
			);
			runOnlyForDeploymentPostprocessing = 0;
		};
		3D07ECF128C58A3E001D46A2 /* Sources */ = {
			isa = PBXSourcesBuildPhase;
			buildActionMask = 2147483647;
			files = (
				3D07EDFF28C599E3001D46A2 /* KYSIG.swift in Sources */,
				3D07ECFD28C58A3E001D46A2 /* SourceEditorExtension.swift in Sources */,
				3D07ECFF28C58A3E001D46A2 /* SourceEditorCommand.swift in Sources */,
			);
			runOnlyForDeploymentPostprocessing = 0;
		};
/* End PBXSourcesBuildPhase section */

/* Begin PBXTargetDependency section */
		3D07ED0328C58A3E001D46A2 /* PBXTargetDependency */ = {
			isa = PBXTargetDependency;
			target = 3D07ECF428C58A3E001D46A2 /* KYCodablePlugin */;
			targetProxy = 3D07ED0228C58A3E001D46A2 /* PBXContainerItemProxy */;
		};
/* End PBXTargetDependency section */

/* Begin PBXVariantGroup section */
		3D07ECE828C589B1001D46A2 /* Main.storyboard */ = {
			isa = PBXVariantGroup;
			children = (
				3D07ECE928C589B1001D46A2 /* Base */,
			);
			name = Main.storyboard;
			sourceTree = "<group>";
		};
/* End PBXVariantGroup section */

/* Begin XCBuildConfiguration section */
		3D07ECEC28C589B1001D46A2 /* Debug */ = {
			isa = XCBuildConfiguration;
			buildSettings = {
				ALWAYS_SEARCH_USER_PATHS = NO;
				CLANG_ANALYZER_NONNULL = YES;
				CLANG_ANALYZER_NUMBER_OBJECT_CONVERSION = YES_AGGRESSIVE;
				CLANG_CXX_LANGUAGE_STANDARD = "gnu++17";
				CLANG_ENABLE_MODULES = YES;
				CLANG_ENABLE_OBJC_ARC = YES;
				CLANG_ENABLE_OBJC_WEAK = YES;
				CLANG_WARN_BLOCK_CAPTURE_AUTORELEASING = YES;
				CLANG_WARN_BOOL_CONVERSION = YES;
				CLANG_WARN_COMMA = YES;
				CLANG_WARN_CONSTANT_CONVERSION = YES;
				CLANG_WARN_DEPRECATED_OBJC_IMPLEMENTATIONS = YES;
				CLANG_WARN_DIRECT_OBJC_ISA_USAGE = YES_ERROR;
				CLANG_WARN_DOCUMENTATION_COMMENTS = YES;
				CLANG_WARN_EMPTY_BODY = YES;
				CLANG_WARN_ENUM_CONVERSION = YES;
				CLANG_WARN_INFINITE_RECURSION = YES;
				CLANG_WARN_INT_CONVERSION = YES;
				CLANG_WARN_NON_LITERAL_NULL_CONVERSION = YES;
				CLANG_WARN_OBJC_IMPLICIT_RETAIN_SELF = YES;
				CLANG_WARN_OBJC_LITERAL_CONVERSION = YES;
				CLANG_WARN_OBJC_ROOT_CLASS = YES_ERROR;
				CLANG_WARN_QUOTED_INCLUDE_IN_FRAMEWORK_HEADER = YES;
				CLANG_WARN_RANGE_LOOP_ANALYSIS = YES;
				CLANG_WARN_STRICT_PROTOTYPES = YES;
				CLANG_WARN_SUSPICIOUS_MOVE = YES;
				CLANG_WARN_UNGUARDED_AVAILABILITY = YES_AGGRESSIVE;
				CLANG_WARN_UNREACHABLE_CODE = YES;
				CLANG_WARN__DUPLICATE_METHOD_MATCH = YES;
				COPY_PHASE_STRIP = NO;
				DEBUG_INFORMATION_FORMAT = dwarf;
				ENABLE_STRICT_OBJC_MSGSEND = YES;
				ENABLE_TESTABILITY = YES;
				GCC_C_LANGUAGE_STANDARD = gnu11;
				GCC_DYNAMIC_NO_PIC = NO;
				GCC_NO_COMMON_BLOCKS = YES;
				GCC_OPTIMIZATION_LEVEL = 0;
				GCC_PREPROCESSOR_DEFINITIONS = (
					"DEBUG=1",
					"$(inherited)",
				);
				GCC_WARN_64_TO_32_BIT_CONVERSION = YES;
				GCC_WARN_ABOUT_RETURN_TYPE = YES_ERROR;
				GCC_WARN_UNDECLARED_SELECTOR = YES;
				GCC_WARN_UNINITIALIZED_AUTOS = YES_AGGRESSIVE;
				GCC_WARN_UNUSED_FUNCTION = YES;
				GCC_WARN_UNUSED_VARIABLE = YES;
				MACOSX_DEPLOYMENT_TARGET = 12.3;
				MTL_ENABLE_DEBUG_INFO = INCLUDE_SOURCE;
				MTL_FAST_MATH = YES;
				ONLY_ACTIVE_ARCH = YES;
				SDKROOT = macosx;
				SWIFT_ACTIVE_COMPILATION_CONDITIONS = DEBUG;
				SWIFT_OPTIMIZATION_LEVEL = "-Onone";
			};
			name = Debug;
		};
		3D07ECED28C589B1001D46A2 /* Release */ = {
			isa = XCBuildConfiguration;
			buildSettings = {
				ALWAYS_SEARCH_USER_PATHS = NO;
				CLANG_ANALYZER_NONNULL = YES;
				CLANG_ANALYZER_NUMBER_OBJECT_CONVERSION = YES_AGGRESSIVE;
				CLANG_CXX_LANGUAGE_STANDARD = "gnu++17";
				CLANG_ENABLE_MODULES = YES;
				CLANG_ENABLE_OBJC_ARC = YES;
				CLANG_ENABLE_OBJC_WEAK = YES;
				CLANG_WARN_BLOCK_CAPTURE_AUTORELEASING = YES;
				CLANG_WARN_BOOL_CONVERSION = YES;
				CLANG_WARN_COMMA = YES;
				CLANG_WARN_CONSTANT_CONVERSION = YES;
				CLANG_WARN_DEPRECATED_OBJC_IMPLEMENTATIONS = YES;
				CLANG_WARN_DIRECT_OBJC_ISA_USAGE = YES_ERROR;
				CLANG_WARN_DOCUMENTATION_COMMENTS = YES;
				CLANG_WARN_EMPTY_BODY = YES;
				CLANG_WARN_ENUM_CONVERSION = YES;
				CLANG_WARN_INFINITE_RECURSION = YES;
				CLANG_WARN_INT_CONVERSION = YES;
				CLANG_WARN_NON_LITERAL_NULL_CONVERSION = YES;
				CLANG_WARN_OBJC_IMPLICIT_RETAIN_SELF = YES;
				CLANG_WARN_OBJC_LITERAL_CONVERSION = YES;
				CLANG_WARN_OBJC_ROOT_CLASS = YES_ERROR;
				CLANG_WARN_QUOTED_INCLUDE_IN_FRAMEWORK_HEADER = YES;
				CLANG_WARN_RANGE_LOOP_ANALYSIS = YES;
				CLANG_WARN_STRICT_PROTOTYPES = YES;
				CLANG_WARN_SUSPICIOUS_MOVE = YES;
				CLANG_WARN_UNGUARDED_AVAILABILITY = YES_AGGRESSIVE;
				CLANG_WARN_UNREACHABLE_CODE = YES;
				CLANG_WARN__DUPLICATE_METHOD_MATCH = YES;
				COPY_PHASE_STRIP = NO;
				DEBUG_INFORMATION_FORMAT = "dwarf-with-dsym";
				ENABLE_NS_ASSERTIONS = NO;
				ENABLE_STRICT_OBJC_MSGSEND = YES;
				GCC_C_LANGUAGE_STANDARD = gnu11;
				GCC_NO_COMMON_BLOCKS = YES;
				GCC_WARN_64_TO_32_BIT_CONVERSION = YES;
				GCC_WARN_ABOUT_RETURN_TYPE = YES_ERROR;
				GCC_WARN_UNDECLARED_SELECTOR = YES;
				GCC_WARN_UNINITIALIZED_AUTOS = YES_AGGRESSIVE;
				GCC_WARN_UNUSED_FUNCTION = YES;
				GCC_WARN_UNUSED_VARIABLE = YES;
				MACOSX_DEPLOYMENT_TARGET = 12.3;
				MTL_ENABLE_DEBUG_INFO = NO;
				MTL_FAST_MATH = YES;
				SDKROOT = macosx;
				SWIFT_COMPILATION_MODE = wholemodule;
				SWIFT_OPTIMIZATION_LEVEL = "-O";
			};
			name = Release;
		};
		3D07ECEF28C589B1001D46A2 /* Debug */ = {
			isa = XCBuildConfiguration;
			buildSettings = {
				ALWAYS_EMBED_SWIFT_STANDARD_LIBRARIES = YES;
				ASSETCATALOG_COMPILER_APPICON_NAME = AppIcon;
				ASSETCATALOG_COMPILER_GLOBAL_ACCENT_COLOR_NAME = AccentColor;
				CODE_SIGN_ENTITLEMENTS = KYCodable/KYCodable.entitlements;
				CODE_SIGN_STYLE = Automatic;
				COMBINE_HIDPI_IMAGES = YES;
				CURRENT_PROJECT_VERSION = 1;
				DEVELOPMENT_TEAM = 7H35643SZ9;
				ENABLE_HARDENED_RUNTIME = YES;
				GENERATE_INFOPLIST_FILE = YES;
				INFOPLIST_KEY_NSHumanReadableCopyright = "";
				INFOPLIST_KEY_NSMainStoryboardFile = Main;
				INFOPLIST_KEY_NSPrincipalClass = NSApplication;
				LD_RUNPATH_SEARCH_PATHS = (
					"$(inherited)",
					"@executable_path/../Frameworks",
				);
				MARKETING_VERSION = 1.0;
				PRODUCT_BUNDLE_IDENTIFIER = com.bitmart.exchange.KYCodable;
				PRODUCT_NAME = "$(TARGET_NAME)";
				SWIFT_EMIT_LOC_STRINGS = YES;
				SWIFT_VERSION = 5.0;
			};
			name = Debug;
		};
		3D07ECF028C589B1001D46A2 /* Release */ = {
			isa = XCBuildConfiguration;
			buildSettings = {
				ALWAYS_EMBED_SWIFT_STANDARD_LIBRARIES = YES;
				ASSETCATALOG_COMPILER_APPICON_NAME = AppIcon;
				ASSETCATALOG_COMPILER_GLOBAL_ACCENT_COLOR_NAME = AccentColor;
				CODE_SIGN_ENTITLEMENTS = KYCodable/KYCodable.entitlements;
				CODE_SIGN_STYLE = Automatic;
				COMBINE_HIDPI_IMAGES = YES;
				CURRENT_PROJECT_VERSION = 1;
				DEVELOPMENT_TEAM = 7H35643SZ9;
				ENABLE_HARDENED_RUNTIME = YES;
				GENERATE_INFOPLIST_FILE = YES;
				INFOPLIST_KEY_NSHumanReadableCopyright = "";
				INFOPLIST_KEY_NSMainStoryboardFile = Main;
				INFOPLIST_KEY_NSPrincipalClass = NSApplication;
				LD_RUNPATH_SEARCH_PATHS = (
					"$(inherited)",
					"@executable_path/../Frameworks",
				);
				MARKETING_VERSION = 1.0;
				PRODUCT_BUNDLE_IDENTIFIER = com.bitmart.exchange.KYCodable;
				PRODUCT_NAME = "$(TARGET_NAME)";
				SWIFT_EMIT_LOC_STRINGS = YES;
				SWIFT_VERSION = 5.0;
			};
			name = Release;
		};
		3D07ED0628C58A3E001D46A2 /* Debug */ = {
			isa = XCBuildConfiguration;
			buildSettings = {
				CODE_SIGN_ENTITLEMENTS = KYCodablePlugin/KYCodablePlugin.entitlements;
				CODE_SIGN_STYLE = Automatic;
				COMBINE_HIDPI_IMAGES = YES;
				CURRENT_PROJECT_VERSION = 1;
				DEVELOPMENT_TEAM = 7H35643SZ9;
				ENABLE_HARDENED_RUNTIME = YES;
				GENERATE_INFOPLIST_FILE = YES;
				INFOPLIST_FILE = KYCodablePlugin/Info.plist;
				INFOPLIST_KEY_CFBundleDisplayName = KYCodablePlugin;
				INFOPLIST_KEY_NSHumanReadableCopyright = "";
				LD_RUNPATH_SEARCH_PATHS = (
					"$(inherited)",
					"@executable_path/../Frameworks",
					"@executable_path/../../../../Frameworks",
				);
				MARKETING_VERSION = 1.0;
				PRODUCT_BUNDLE_IDENTIFIER = com.bitmart.exchange.KYCodable.KYCodablePlugin;
				PRODUCT_NAME = "$(TARGET_NAME)";
				SKIP_INSTALL = YES;
				SWIFT_EMIT_LOC_STRINGS = YES;
				SWIFT_VERSION = 5.0;
			};
			name = Debug;
		};
		3D07ED0728C58A3E001D46A2 /* Release */ = {
			isa = XCBuildConfiguration;
			buildSettings = {
				CODE_SIGN_ENTITLEMENTS = KYCodablePlugin/KYCodablePlugin.entitlements;
				CODE_SIGN_STYLE = Automatic;
				COMBINE_HIDPI_IMAGES = YES;
				CURRENT_PROJECT_VERSION = 1;
				DEVELOPMENT_TEAM = 7H35643SZ9;
				ENABLE_HARDENED_RUNTIME = YES;
				GENERATE_INFOPLIST_FILE = YES;
				INFOPLIST_FILE = KYCodablePlugin/Info.plist;
				INFOPLIST_KEY_CFBundleDisplayName = KYCodablePlugin;
				INFOPLIST_KEY_NSHumanReadableCopyright = "";
				LD_RUNPATH_SEARCH_PATHS = (
					"$(inherited)",
					"@executable_path/../Frameworks",
					"@executable_path/../../../../Frameworks",
				);
				MARKETING_VERSION = 1.0;
				PRODUCT_BUNDLE_IDENTIFIER = com.bitmart.exchange.KYCodable.KYCodablePlugin;
				PRODUCT_NAME = "$(TARGET_NAME)";
				SKIP_INSTALL = YES;
				SWIFT_EMIT_LOC_STRINGS = YES;
				SWIFT_VERSION = 5.0;
			};
			name = Release;
		};
/* End XCBuildConfiguration section */

/* Begin XCConfigurationList section */
		3D07ECDA28C589AF001D46A2 /* Build configuration list for PBXProject "KYCodable" */ = {
			isa = XCConfigurationList;
			buildConfigurations = (
				3D07ECEC28C589B1001D46A2 /* Debug */,
				3D07ECED28C589B1001D46A2 /* Release */,
			);
			defaultConfigurationIsVisible = 0;
			defaultConfigurationName = Release;
		};
		3D07ECEE28C589B1001D46A2 /* Build configuration list for PBXNativeTarget "KYCodable" */ = {
			isa = XCConfigurationList;
			buildConfigurations = (
				3D07ECEF28C589B1001D46A2 /* Debug */,
				3D07ECF028C589B1001D46A2 /* Release */,
			);
			defaultConfigurationIsVisible = 0;
			defaultConfigurationName = Release;
		};
		3D07ED0528C58A3E001D46A2 /* Build configuration list for PBXNativeTarget "KYCodablePlugin" */ = {
			isa = XCConfigurationList;
			buildConfigurations = (
				3D07ED0628C58A3E001D46A2 /* Debug */,
				3D07ED0728C58A3E001D46A2 /* Release */,
			);
			defaultConfigurationIsVisible = 0;
			defaultConfigurationName = Release;
		};
/* End XCConfigurationList section */
	};
	rootObject = 3D07ECD728C589AF001D46A2 /* Project object */;
}
